
Microsoft Visual Studio Solution File, Format Version 12.00
# Visual Studio 14
VisualStudioVersion = 14.0.25420.1
MinimumVisualStudioVersion = 10.0.40219.1
Project("{F184B08F-C81C-45F6-A57F-5ABD9991F28F}") = "Advent of code - Day 4", "Advent of code - Day 4\Advent of code - Day 4.vbproj", "{BBBF4603-17BA-4057-9FCF-8422C36EF15E}"
EndProject
Global
	GlobalSection(SolutionConfigurationPlatforms) = preSolution
		Debug|Any CPU = Debug|Any CPU
		Release|Any CPU = Release|Any CPU
	EndGlobalSection
	GlobalSection(ProjectConfigurationPlatforms) = postSolution
		{BBBF4603-17BA-4057-9FCF-8422C36EF15E}.Debug|Any CPU.ActiveCfg = Debug|Any CPU
		{BBBF4603-17BA-4057-9FCF-8422C36EF15E}.Debug|Any CPU.Build.0 = Debug|Any CPU
		{BBBF4603-17BA-4057-9FCF-8422C36EF15E}.Release|Any CPU.ActiveCfg = Release|Any CPU
		{BBBF4603-17BA-4057-9FCF-8422C36EF15E}.Release|Any CPU.Build.0 = Release|Any CPU
	EndGlobalSection
	GlobalSection(SolutionProperties) = preSolution
		HideSolutionNode = FALSE
	EndGlobalSection
EndGlobal
