
Microsoft Visual Studio Solution File, Format Version 12.00
# Visual Studio 15
VisualStudioVersion = 15.0.26730.16
MinimumVisualStudioVersion = 10.0.40219.1
Project("{F184B08F-C81C-45F6-A57F-5ABD9991F28F}") = "Advent of code - Day 6 - Part 1", "Advent of code - Day 6 - Part 1\Advent of code - Day 6 - Part 1.vbproj", "{8A781658-F622-4F2A-8A01-88F6800B6561}"
EndProject
Global
	GlobalSection(SolutionConfigurationPlatforms) = preSolution
		Debug|Any CPU = Debug|Any CPU
		Release|Any CPU = Release|Any CPU
	EndGlobalSection
	GlobalSection(ProjectConfigurationPlatforms) = postSolution
		{8A781658-F622-4F2A-8A01-88F6800B6561}.Debug|Any CPU.ActiveCfg = Debug|Any CPU
		{8A781658-F622-4F2A-8A01-88F6800B6561}.Debug|Any CPU.Build.0 = Debug|Any CPU
		{8A781658-F622-4F2A-8A01-88F6800B6561}.Release|Any CPU.ActiveCfg = Release|Any CPU
		{8A781658-F622-4F2A-8A01-88F6800B6561}.Release|Any CPU.Build.0 = Release|Any CPU
	EndGlobalSection
	GlobalSection(SolutionProperties) = preSolution
		HideSolutionNode = FALSE
	EndGlobalSection
	GlobalSection(ExtensibilityGlobals) = postSolution
		SolutionGuid = {2245015C-590C-4631-8DFF-4BE6C0C0F17F}
	EndGlobalSection
EndGlobal
